// !$*UTF8*$!
{
	archiveVersion = 1;
	classes = {
	};
	objectVersion = 50;
	objects = {

/* Begin PBXBuildFile section */
		67B908E828CCBDE500B9CB46 /* AppDelegate.swift in Sources */ = {isa = PBXBuildFile; fileRef = 67B908E728CCBDE500B9CB46 /* AppDelegate.swift */; };
		67B908EA28CCBDE500B9CB46 /* SceneDelegate.swift in Sources */ = {isa = PBXBuildFile; fileRef = 67B908E928CCBDE500B9CB46 /* SceneDelegate.swift */; };
		67B908EC28CCBDE500B9CB46 /* ViewController.swift in Sources */ = {isa = PBXBuildFile; fileRef = 67B908EB28CCBDE500B9CB46 /* ViewController.swift */; };
		67B908EF28CCBDE500B9CB46 /* Main.storyboard in Resources */ = {isa = PBXBuildFile; fileRef = 67B908ED28CCBDE500B9CB46 /* Main.storyboard */; };
		67B908F128CCBE0200B9CB46 /* Assets.xcassets in Resources */ = {isa = PBXBuildFile; fileRef = 67B908F028CCBE0200B9CB46 /* Assets.xcassets */; };
		67B908F428CCBE0200B9CB46 /* LaunchScreen.storyboard in Resources */ = {isa = PBXBuildFile; fileRef = 67B908F228CCBE0200B9CB46 /* LaunchScreen.storyboard */; };
/* End PBXBuildFile section */

/* Begin PBXFileReference section */
		67B908E428CCBDE500B9CB46 /* DebitCredit.app */ = {isa = PBXFileReference; explicitFileType = wrapper.application; includeInIndex = 0; path = DebitCredit.app; sourceTree = BUILT_PRODUCTS_DIR; };
		67B908E728CCBDE500B9CB46 /* AppDelegate.swift */ = {isa = PBXFileReference; lastKnownFileType = sourcecode.swift; path = AppDelegate.swift; sourceTree = "<group>"; };
		67B908E928CCBDE500B9CB46 /* SceneDelegate.swift */ = {isa = PBXFileReference; lastKnownFileType = sourcecode.swift; path = SceneDelegate.swift; sourceTree = "<group>"; };
		67B908EB28CCBDE500B9CB46 /* ViewController.swift */ = {isa = PBXFileReference; lastKnownFileType = sourcecode.swift; path = ViewController.swift; sourceTree = "<group>"; };
		67B908EE28CCBDE500B9CB46 /* Base */ = {isa = PBXFileReference; lastKnownFileType = file.storyboard; name = Base; path = Base.lproj/Main.storyboard; sourceTree = "<group>"; };
		67B908F028CCBE0200B9CB46 /* Assets.xcassets */ = {isa = PBXFileReference; lastKnownFileType = folder.assetcatalog; path = Assets.xcassets; sourceTree = "<group>"; };
		67B908F328CCBE0200B9CB46 /* Base */ = {isa = PBXFileReference; lastKnownFileType = file.storyboard; name = Base; path = Base.lproj/LaunchScreen.storyboard; sourceTree = "<group>"; };
		67B908F528CCBE0200B9CB46 /* Info.plist */ = {isa = PBXFileReference; lastKnownFileType = text.plist.xml; path = Info.plist; sourceTree = "<group>"; };
		67EAB80E28EB12F4003DC62D /* DebitCredit.entitlements */ = {isa = PBXFileReference; lastKnownFileType = text.plist.entitlements; path = DebitCredit.entitlements; sourceTree = "<group>"; };
/* End PBXFileReference section */

/* Begin PBXFrameworksBuildPhase section */
		67B908E128CCBDE500B9CB46 /* Frameworks */ = {
			isa = PBXFrameworksBuildPhase;
			buildActionMask = 2147483647;
			files = (
			);
			runOnlyForDeploymentPostprocessing = 0;
		};
/* End PBXFrameworksBuildPhase section */

/* Begin PBXGroup section */
		67B908DB28CCBDE400B9CB46 = {
			isa = PBXGroup;
			children = (
				67B908E628CCBDE500B9CB46 /* DebitCredit */,
				67B908E528CCBDE500B9CB46 /* Products */,
			);
			sourceTree = "<group>";
		};
		67B908E528CCBDE500B9CB46 /* Products */ = {
			isa = PBXGroup;
			children = (
				67B908E428CCBDE500B9CB46 /* DebitCredit.app */,
			);
			name = Products;
			sourceTree = "<group>";
		};
		67B908E628CCBDE500B9CB46 /* DebitCredit */ = {
			isa = PBXGroup;
			children = (
				67EAB80E28EB12F4003DC62D /* DebitCredit.entitlements */,
				67B908E728CCBDE500B9CB46 /* AppDelegate.swift */,
				67B908E928CCBDE500B9CB46 /* SceneDelegate.swift */,
				67B908EB28CCBDE500B9CB46 /* ViewController.swift */,
				67B908ED28CCBDE500B9CB46 /* Main.storyboard */,
				67B908F028CCBE0200B9CB46 /* Assets.xcassets */,
				67B908F228CCBE0200B9CB46 /* LaunchScreen.storyboard */,
				67B908F528CCBE0200B9CB46 /* Info.plist */,
			);
			path = DebitCredit;
			sourceTree = "<group>";
		};
/* End PBXGroup section */

/* Begin PBXNativeTarget section */
		67B908E328CCBDE500B9CB46 /* DebitCredit */ = {
			isa = PBXNativeTarget;
			buildConfigurationList = 67B908F828CCBE0200B9CB46 /* Build configuration list for PBXNativeTarget "DebitCredit" */;
			buildPhases = (
				67B908E028CCBDE500B9CB46 /* Sources */,
				67B908E128CCBDE500B9CB46 /* Frameworks */,
				67B908E228CCBDE500B9CB46 /* Resources */,
			);
			buildRules = (
			);
			dependencies = (
			);
			name = DebitCredit;
			productName = DebitCredit;
			productReference = 67B908E428CCBDE500B9CB46 /* DebitCredit.app */;
			productType = "com.apple.product-type.application";
		};
/* End PBXNativeTarget section */

/* Begin PBXProject section */
		67B908DC28CCBDE400B9CB46 /* Project object */ = {
			isa = PBXProject;
			attributes = {
				LastSwiftUpdateCheck = 1130;
				LastUpgradeCheck = 1130;
				ORGANIZATIONNAME = iMikeJobs;
				TargetAttributes = {
					67B908E328CCBDE500B9CB46 = {
						CreatedOnToolsVersion = 11.3;
					};
				};
			};
			buildConfigurationList = 67B908DF28CCBDE400B9CB46 /* Build configuration list for PBXProject "DebitCredit" */;
			compatibilityVersion = "Xcode 9.3";
			developmentRegion = en;
			hasScannedForEncodings = 0;
			knownRegions = (
				en,
				Base,
			);
			mainGroup = 67B908DB28CCBDE400B9CB46;
			productRefGroup = 67B908E528CCBDE500B9CB46 /* Products */;
			projectDirPath = "";
			projectRoot = "";
			targets = (
				67B908E328CCBDE500B9CB46 /* DebitCredit */,
			);
		};
/* End PBXProject section */

/* Begin PBXResourcesBuildPhase section */
		67B908E228CCBDE500B9CB46 /* Resources */ = {
			isa = PBXResourcesBuildPhase;
			buildActionMask = 2147483647;
			files = (
				67B908F428CCBE0200B9CB46 /* LaunchScreen.storyboard in Resources */,
				67B908F128CCBE0200B9CB46 /* Assets.xcassets in Resources */,
				67B908EF28CCBDE500B9CB46 /* Main.storyboard in Resources */,
			);
			runOnlyForDeploymentPostprocessing = 0;
		};
/* End PBXResourcesBuildPhase section */

/* Begin PBXSourcesBuildPhase section */
		67B908E028CCBDE500B9CB46 /* Sources */ = {
			isa = PBXSourcesBuildPhase;
			buildActionMask = 2147483647;
			files = (
				67B908EC28CCBDE500B9CB46 /* ViewController.swift in Sources */,
				67B908E828CCBDE500B9CB46 /* AppDelegate.swift in Sources */,
				67B908EA28CCBDE500B9CB46 /* SceneDelegate.swift in Sources */,
			);
			runOnlyForDeploymentPostprocessing = 0;
		};
/* End PBXSourcesBuildPhase section */

/* Begin PBXVariantGroup section */
		67B908ED28CCBDE500B9CB46 /* Main.storyboard */ = {
			isa = PBXVariantGroup;
			children = (
				67B908EE28CCBDE500B9CB46 /* Base */,
			);
			name = Main.storyboard;
			sourceTree = "<group>";
		};
		67B908F228CCBE0200B9CB46 /* LaunchScreen.storyboard */ = {
			isa = PBXVariantGroup;
			children = (
				67B908F328CCBE0200B9CB46 /* Base */,
			);
			name = LaunchScreen.storyboard;
			sourceTree = "<group>";
		};
/* End PBXVariantGroup section */

/* Begin XCBuildConfiguration section */
		67B908F628CCBE0200B9CB46 /* Debug */ = {
			isa = XCBuildConfiguration;
			buildSettings = {
				ALWAYS_SEARCH_USER_PATHS = NO;
				CLANG_ANALYZER_NONNULL = YES;
				CLANG_ANALYZER_NUMBER_OBJECT_CONVERSION = YES_AGGRESSIVE;
				CLANG_CXX_LANGUAGE_STANDARD = "gnu++14";
				CLANG_CXX_LIBRARY = "libc++";
				CLANG_ENABLE_MODULES = YES;
				CLANG_ENABLE_OBJC_ARC = YES;
				CLANG_ENABLE_OBJC_WEAK = YES;
				CLANG_WARN_BLOCK_CAPTURE_AUTORELEASING = YES;
				CLANG_WARN_BOOL_CONVERSION = YES;
				CLANG_WARN_COMMA = YES;
				CLANG_WARN_CONSTANT_CONVERSION = YES;
				CLANG_WARN_DEPRECATED_OBJC_IMPLEMENTATIONS = YES;
				CLANG_WARN_DIRECT_OBJC_ISA_USAGE = YES_ERROR;
				CLANG_WARN_DOCUMENTATION_COMMENTS = YES;
				CLANG_WARN_EMPTY_BODY = YES;
				CLANG_WARN_ENUM_CONVERSION = YES;
				CLANG_WARN_INFINITE_RECURSION = YES;
				CLANG_WARN_INT_CONVERSION = YES;
				CLANG_WARN_NON_LITERAL_NULL_CONVERSION = YES;
				CLANG_WARN_OBJC_IMPLICIT_RETAIN_SELF = YES;
				CLANG_WARN_OBJC_LITERAL_CONVERSION = YES;
				CLANG_WARN_OBJC_ROOT_CLASS = YES_ERROR;
				CLANG_WARN_RANGE_LOOP_ANALYSIS = YES;
				CLANG_WARN_STRICT_PROTOTYPES = YES;
				CLANG_WARN_SUSPICIOUS_MOVE = YES;
				CLANG_WARN_UNGUARDED_AVAILABILITY = YES_AGGRESSIVE;
				CLANG_WARN_UNREACHABLE_CODE = YES;
				CLANG_WARN__DUPLICATE_METHOD_MATCH = YES;
				COPY_PHASE_STRIP = NO;
				DEBUG_INFORMATION_FORMAT = dwarf;
				ENABLE_STRICT_OBJC_MSGSEND = YES;
				ENABLE_TESTABILITY = YES;
				GCC_C_LANGUAGE_STANDARD = gnu11;
				GCC_DYNAMIC_NO_PIC = NO;
				GCC_NO_COMMON_BLOCKS = YES;
				GCC_OPTIMIZATION_LEVEL = 0;
				GCC_PREPROCESSOR_DEFINITIONS = (
					"DEBUG=1",
					"$(inherited)",
				);
				GCC_WARN_64_TO_32_BIT_CONVERSION = YES;
				GCC_WARN_ABOUT_RETURN_TYPE = YES_ERROR;
				GCC_WARN_UNDECLARED_SELECTOR = YES;
				GCC_WARN_UNINITIALIZED_AUTOS = YES_AGGRESSIVE;
				GCC_WARN_UNUSED_FUNCTION = YES;
				GCC_WARN_UNUSED_VARIABLE = YES;
				IPHONEOS_DEPLOYMENT_TARGET = 13.2;
				MTL_ENABLE_DEBUG_INFO = INCLUDE_SOURCE;
				MTL_FAST_MATH = YES;
				ONLY_ACTIVE_ARCH = YES;
				SDKROOT = iphoneos;
				SWIFT_ACTIVE_COMPILATION_CONDITIONS = DEBUG;
				SWIFT_OPTIMIZATION_LEVEL = "-Onone";
			};
			name = Debug;
		};
		67B908F728CCBE0200B9CB46 /* Release */ = {
			isa = XCBuildConfiguration;
			buildSettings = {
				ALWAYS_SEARCH_USER_PATHS = NO;
				CLANG_ANALYZER_NONNULL = YES;
				CLANG_ANALYZER_NUMBER_OBJECT_CONVERSION = YES_AGGRESSIVE;
				CLANG_CXX_LANGUAGE_STANDARD = "gnu++14";
				CLANG_CXX_LIBRARY = "libc++";
				CLANG_ENABLE_MODULES = YES;
				CLANG_ENABLE_OBJC_ARC = YES;
				CLANG_ENABLE_OBJC_WEAK = YES;
				CLANG_WARN_BLOCK_CAPTURE_AUTORELEASING = YES;
				CLANG_WARN_BOOL_CONVERSION = YES;
				CLANG_WARN_COMMA = YES;
				CLANG_WARN_CONSTANT_CONVERSION = YES;
				CLANG_WARN_DEPRECATED_OBJC_IMPLEMENTATIONS = YES;
				CLANG_WARN_DIRECT_OBJC_ISA_USAGE = YES_ERROR;
				CLANG_WARN_DOCUMENTATION_COMMENTS = YES;
				CLANG_WARN_EMPTY_BODY = YES;
				CLANG_WARN_ENUM_CONVERSION = YES;
				CLANG_WARN_INFINITE_RECURSION = YES;
				CLANG_WARN_INT_CONVERSION = YES;
				CLANG_WARN_NON_LITERAL_NULL_CONVERSION = YES;
				CLANG_WARN_OBJC_IMPLICIT_RETAIN_SELF = YES;
				CLANG_WARN_OBJC_LITERAL_CONVERSION = YES;
				CLANG_WARN_OBJC_ROOT_CLASS = YES_ERROR;
				CLANG_WARN_RANGE_LOOP_ANALYSIS = YES;
				CLANG_WARN_STRICT_PROTOTYPES = YES;
				CLANG_WARN_SUSPICIOUS_MOVE = YES;
				CLANG_WARN_UNGUARDED_AVAILABILITY = YES_AGGRESSIVE;
				CLANG_WARN_UNREACHABLE_CODE = YES;
				CLANG_WARN__DUPLICATE_METHOD_MATCH = YES;
				COPY_PHASE_STRIP = NO;
				DEBUG_INFORMATION_FORMAT = "dwarf-with-dsym";
				ENABLE_NS_ASSERTIONS = NO;
				ENABLE_STRICT_OBJC_MSGSEND = YES;
				GCC_C_LANGUAGE_STANDARD = gnu11;
				GCC_NO_COMMON_BLOCKS = YES;
				GCC_WARN_64_TO_32_BIT_CONVERSION = YES;
				GCC_WARN_ABOUT_RETURN_TYPE = YES_ERROR;
				GCC_WARN_UNDECLARED_SELECTOR = YES;
				GCC_WARN_UNINITIALIZED_AUTOS = YES_AGGRESSIVE;
				GCC_WARN_UNUSED_FUNCTION = YES;
				GCC_WARN_UNUSED_VARIABLE = YES;
				IPHONEOS_DEPLOYMENT_TARGET = 13.2;
				MTL_ENABLE_DEBUG_INFO = NO;
				MTL_FAST_MATH = YES;
				SDKROOT = iphoneos;
				SWIFT_COMPILATION_MODE = wholemodule;
				SWIFT_OPTIMIZATION_LEVEL = "-O";
				VALIDATE_PRODUCT = YES;
			};
			name = Release;
		};
		67B908F928CCBE0200B9CB46 /* Debug */ = {
			isa = XCBuildConfiguration;
			buildSettings = {
				ASSETCATALOG_COMPILER_APPICON_NAME = AppIcon;
				CODE_SIGN_ENTITLEMENTS = DebitCredit/DebitCredit.entitlements;
				CODE_SIGN_IDENTITY = "Apple Development";
				"CODE_SIGN_IDENTITY[sdk=macosx*]" = "-";
				CODE_SIGN_STYLE = Automatic;
				DERIVE_MACCATALYST_PRODUCT_BUNDLE_IDENTIFIER = YES;
				DEVELOPMENT_TEAM = F5GJ433BA9;
				INFOPLIST_FILE = DebitCredit/Info.plist;
				IPHONEOS_DEPLOYMENT_TARGET = 13.2;
				LD_RUNPATH_SEARCH_PATHS = (
					"$(inherited)",
					"@executable_path/Frameworks",
				);
				PRODUCT_BUNDLE_IDENTIFIER = iMikeJobs.DebitCredit;
				PRODUCT_NAME = "$(TARGET_NAME)";
				PROVISIONING_PROFILE_SPECIFIER = "";
				"PROVISIONING_PROFILE_SPECIFIER[sdk=macosx*]" = "";
				SUPPORTS_MACCATALYST = YES;
				SWIFT_VERSION = 5.0;
				TARGETED_DEVICE_FAMILY = "1,2";
			};
			name = Debug;
		};
		67B908FA28CCBE0200B9CB46 /* Release */ = {
			isa = XCBuildConfiguration;
			buildSettings = {
				ASSETCATALOG_COMPILER_APPICON_NAME = AppIcon;
				CODE_SIGN_ENTITLEMENTS = DebitCredit/DebitCredit.entitlements;
				CODE_SIGN_IDENTITY = "Apple Development";
				"CODE_SIGN_IDENTITY[sdk=macosx*]" = "-";
				CODE_SIGN_STYLE = Manual;
				DERIVE_MACCATALYST_PRODUCT_BUNDLE_IDENTIFIER = YES;
				DEVELOPMENT_TEAM = "";
				INFOPLIST_FILE = DebitCredit/Info.plist;
				IPHONEOS_DEPLOYMENT_TARGET = 13.2;
				LD_RUNPATH_SEARCH_PATHS = (
					"$(inherited)",
					"@executable_path/Frameworks",
				);
				PRODUCT_BUNDLE_IDENTIFIER = iMikeJobs.DebitCredit;
				PRODUCT_NAME = "$(TARGET_NAME)";
				PROVISIONING_PROFILE_SPECIFIER = "";
				"PROVISIONING_PROFILE_SPECIFIER[sdk=macosx*]" = "";
				SUPPORTS_MACCATALYST = YES;
				SWIFT_VERSION = 5.0;
				TARGETED_DEVICE_FAMILY = "1,2";
			};
			name = Release;
		};
/* End XCBuildConfiguration section */

/* Begin XCConfigurationList section */
		67B908DF28CCBDE400B9CB46 /* Build configuration list for PBXProject "DebitCredit" */ = {
			isa = XCConfigurationList;
			buildConfigurations = (
				67B908F628CCBE0200B9CB46 /* Debug */,
				67B908F728CCBE0200B9CB46 /* Release */,
			);
			defaultConfigurationIsVisible = 0;
			defaultConfigurationName = Release;
		};
		67B908F828CCBE0200B9CB46 /* Build configuration list for PBXNativeTarget "DebitCredit" */ = {
			isa = XCConfigurationList;
			buildConfigurations = (
				67B908F928CCBE0200B9CB46 /* Debug */,
				67B908FA28CCBE0200B9CB46 /* Release */,
			);
			defaultConfigurationIsVisible = 0;
			defaultConfigurationName = Release;
		};
/* End XCConfigurationList section */
	};
	rootObject = 67B908DC28CCBDE400B9CB46 /* Project object */;
}
